
Microsoft Visual Studio Solution File, Format Version 12.00
Project("{FAE04EC0-301F-11D3-BF4B-00C04F79EFBC}") = "XazeChat", "XazeChat\XazeChat.csproj", "{4AE89E1D-D1BF-4AFA-A182-B9A3AD4E0268}"
EndProject
Global
	GlobalSection(SolutionConfigurationPlatforms) = preSolution
		Debug|Any CPU = Debug|Any CPU
		Release|Any CPU = Release|Any CPU
	EndGlobalSection
	GlobalSection(ProjectConfigurationPlatforms) = postSolution
		{4AE89E1D-D1BF-4AFA-A182-B9A3AD4E0268}.Debug|Any CPU.ActiveCfg = Debug|Any CPU
		{4AE89E1D-D1BF-4AFA-A182-B9A3AD4E0268}.Debug|Any CPU.Build.0 = Debug|Any CPU
		{4AE89E1D-D1BF-4AFA-A182-B9A3AD4E0268}.Release|Any CPU.ActiveCfg = Release|Any CPU
		{4AE89E1D-D1BF-4AFA-A182-B9A3AD4E0268}.Release|Any CPU.Build.0 = Release|Any CPU
	EndGlobalSection
EndGlobal
